# Generated by scripts/write-lock.py; update with `task lock`. Do not edit by hand.
MANIFEST_URL=https://github.com/komastudios/PICO-Emulator-manifest.git
MANIFEST_BRANCH=pico-linux
MANIFEST_FILE=pico/emu-35-rom-debug.xml
MANIFEST_REV=355abdd81efe1284563baa1ebc92e164fb67a8a0
SOURCE_DATE_EPOCH=1787694609
PROJECT external/qemu 28104445edb03d8acba91e7ef74ded7f4de8be08
PROJECT hardware/google/aemu 498005f0a34f4e99960576c2d925da64d26a5c3d
PROJECT hardware/google/gfxstream c4af3b55fc612c805139b393fa403b5efaaac988
PROJECT prebuilts/android-emulator-build/common 17e8f40dae63beb1b5059d67d3152de75fde27fb
