# Generated by scripts/write-lock.py; update with `task lock`. Do not edit by hand.
MANIFEST_URL=https://github.com/komastudios/PICO-Emulator-manifest.git
MANIFEST_BRANCH=pico-linux
MANIFEST_FILE=pico/emu-35-rom.xml
MANIFEST_REV=083e09adee112251278e0ac217f0c5a8d87a6b2f
SOURCE_DATE_EPOCH=1787701772
PROJECT external/qemu 27ee429ebce746b7291a4a16ac568702aa488957
PROJECT hardware/google/aemu 498005f0a34f4e99960576c2d925da64d26a5c3d
PROJECT hardware/google/gfxstream c7cdba8b081bfd29a89f300fb5358ed7add03b6c
PROJECT prebuilts/android-emulator-build/common 17e8f40dae63beb1b5059d67d3152de75fde27fb
